
Microsoft Visual Studio Solution File, Format Version 12.00
# Visual Studio 15
VisualStudioVersion = 15.0.27130.0
MinimumVisualStudioVersion = 10.0.40219.1
Project("{FAE04EC0-301F-11D3-BF4B-00C04F79EFBC}") = "Demo.WinForm", "Demo.WinForm\Demo.WinForm.csproj", "{2568AC1A-EC7D-4F6A-87C5-BF9B95731676}"
EndProject
Project("{FAE04EC0-301F-11D3-BF4B-00C04F79EFBC}") = "Demo.UIAuto", "Demo.UIAuto\Demo.UIAuto.csproj", "{BF5863AA-44C6-436D-921E-CA4FA0F0C134}"
EndProject
Project("{FAE04EC0-301F-11D3-BF4B-00C04F79EFBC}") = "Demo.WebForm", "Demo.WebForm\Demo.WebForm.csproj", "{D9593708-1E73-414A-84E1-5841FFCC29EE}"
EndProject
Project("{FAE04EC0-301F-11D3-BF4B-00C04F79EFBC}") = "Demo.WebMvc", "Demo.WebMvc\Demo.WebMvc.csproj", "{9480F4F4-6715-412D-8D06-372147844BB6}"
EndProject
Project("{FAE04EC0-301F-11D3-BF4B-00C04F79EFBC}") = "Demo", "Demo\Demo.csproj", "{A1725CEA-6D9C-4376-900A-EAF14BD48DAD}"
EndProject
Global
	GlobalSection(SolutionConfigurationPlatforms) = preSolution
		Debug|Any CPU = Debug|Any CPU
		Release|Any CPU = Release|Any CPU
	EndGlobalSection
	GlobalSection(ProjectConfigurationPlatforms) = postSolution
		{2568AC1A-EC7D-4F6A-87C5-BF9B95731676}.Debug|Any CPU.ActiveCfg = Debug|Any CPU
		{2568AC1A-EC7D-4F6A-87C5-BF9B95731676}.Debug|Any CPU.Build.0 = Debug|Any CPU
		{2568AC1A-EC7D-4F6A-87C5-BF9B95731676}.Release|Any CPU.ActiveCfg = Release|Any CPU
		{2568AC1A-EC7D-4F6A-87C5-BF9B95731676}.Release|Any CPU.Build.0 = Release|Any CPU
		{BF5863AA-44C6-436D-921E-CA4FA0F0C134}.Debug|Any CPU.ActiveCfg = Debug|Any CPU
		{BF5863AA-44C6-436D-921E-CA4FA0F0C134}.Debug|Any CPU.Build.0 = Debug|Any CPU
		{BF5863AA-44C6-436D-921E-CA4FA0F0C134}.Release|Any CPU.ActiveCfg = Release|Any CPU
		{BF5863AA-44C6-436D-921E-CA4FA0F0C134}.Release|Any CPU.Build.0 = Release|Any CPU
		{D9593708-1E73-414A-84E1-5841FFCC29EE}.Debug|Any CPU.ActiveCfg = Debug|Any CPU
		{D9593708-1E73-414A-84E1-5841FFCC29EE}.Debug|Any CPU.Build.0 = Debug|Any CPU
		{D9593708-1E73-414A-84E1-5841FFCC29EE}.Release|Any CPU.ActiveCfg = Release|Any CPU
		{D9593708-1E73-414A-84E1-5841FFCC29EE}.Release|Any CPU.Build.0 = Release|Any CPU
		{9480F4F4-6715-412D-8D06-372147844BB6}.Debug|Any CPU.ActiveCfg = Debug|Any CPU
		{9480F4F4-6715-412D-8D06-372147844BB6}.Debug|Any CPU.Build.0 = Debug|Any CPU
		{9480F4F4-6715-412D-8D06-372147844BB6}.Release|Any CPU.ActiveCfg = Release|Any CPU
		{9480F4F4-6715-412D-8D06-372147844BB6}.Release|Any CPU.Build.0 = Release|Any CPU
		{A1725CEA-6D9C-4376-900A-EAF14BD48DAD}.Debug|Any CPU.ActiveCfg = Debug|Any CPU
		{A1725CEA-6D9C-4376-900A-EAF14BD48DAD}.Debug|Any CPU.Build.0 = Debug|Any CPU
		{A1725CEA-6D9C-4376-900A-EAF14BD48DAD}.Release|Any CPU.ActiveCfg = Release|Any CPU
		{A1725CEA-6D9C-4376-900A-EAF14BD48DAD}.Release|Any CPU.Build.0 = Release|Any CPU
	EndGlobalSection
	GlobalSection(SolutionProperties) = preSolution
		HideSolutionNode = FALSE
	EndGlobalSection
	GlobalSection(ExtensibilityGlobals) = postSolution
		SolutionGuid = {FAE64E86-A4E3-49A6-90CD-07651F11864C}
	EndGlobalSection
EndGlobal
